
Microsoft Visual Studio Solution File, Format Version 12.00
# Visual Studio Version 16
VisualStudioVersion = 16.0.31313.79
MinimumVisualStudioVersion = 10.0.40219.1
Project("{FAE04EC0-301F-11D3-BF4B-00C04F79EFBC}") = "InfoToolsSV", "InfoToolsSV.csproj", "{230EC6AD-92C6-48C5-8206-AEB368F5D342}"
EndProject
Global
	GlobalSection(SolutionConfigurationPlatforms) = preSolution
		Debug|Any CPU = Debug|Any CPU
		Release|Any CPU = Release|Any CPU
	EndGlobalSection
	GlobalSection(ProjectConfigurationPlatforms) = postSolution
		{230EC6AD-92C6-48C5-8206-AEB368F5D342}.Debug|Any CPU.ActiveCfg = Debug|Any CPU
		{230EC6AD-92C6-48C5-8206-AEB368F5D342}.Debug|Any CPU.Build.0 = Debug|Any CPU
		{230EC6AD-92C6-48C5-8206-AEB368F5D342}.Release|Any CPU.ActiveCfg = Release|Any CPU
		{230EC6AD-92C6-48C5-8206-AEB368F5D342}.Release|Any CPU.Build.0 = Release|Any CPU
	EndGlobalSection
	GlobalSection(SolutionProperties) = preSolution
		HideSolutionNode = FALSE
	EndGlobalSection
	GlobalSection(ExtensibilityGlobals) = postSolution
		SolutionGuid = {E8C65612-A83E-48EE-9079-B88CCEF23C4B}
	EndGlobalSection
EndGlobal
